{
  "nodes": {
    "home-manager": {
      "inputs": {
        "nixpkgs": [
          "nixpkgs"
        ]
      },
      "locked": {
        "lastModified": 1710329147,
        "narHash": "sha256-ExKfXL6PURo5VJ9bNPkOxCNBlRDoPILeCfUrMyJ20i0=",
        "owner": "nix-community",
        "repo": "home-manager",
        "rev": "1b74e3679e90fe7ad142bb5f66610a0d92ac0165",
        "type": "github"
      },
      "original": {
        "owner": "nix-community",
        "repo": "home-manager",
        "type": "github"
      }
    },
    "nixos-hardware": {
      "locked": {
        "lastModified": 1710622004,
        "narHash": "sha256-6zR642tXcZzzk3C8BHxlCrR0yh8z8zMXLiuXpWDIpX0=",
        "owner": "NixOS",
        "repo": "nixos-hardware",
        "rev": "968952f950a59dee9ed1e8799dda38c6dfa1bad3",
        "type": "github"
      },
      "original": {
        "owner": "NixOS",
        "ref": "master",
        "repo": "nixos-hardware",
        "type": "github"
      }
    },
    "nixpkgs": {
      "locked": {
        "lastModified": 1710272261,
        "narHash": "sha256-g0bDwXFmTE7uGDOs9HcJsfLFhH7fOsASbAuOzDC+fhQ=",
        "owner": "nixos",
        "repo": "nixpkgs",
        "rev": "0ad13a6833440b8e238947e47bea7f11071dc2b2",
        "type": "github"
      },
      "original": {
        "owner": "nixos",
        "ref": "nixos-unstable",
        "repo": "nixpkgs",
        "type": "github"
      }
    },
    "root": {
      "inputs": {
        "home-manager": "home-manager",
        "nixos-hardware": "nixos-hardware",
        "nixpkgs": "nixpkgs"
      }
    }
  },
  "root": "root",
  "version": 7
}
